PODS:
  - SwiftFormat/CLI (0.44.16)
  - SwiftLint (0.39.2)

DEPENDENCIES:
  - SwiftFormat/CLI
  - SwiftLint

SPEC REPOS:
  trunk:
    - SwiftFormat
    - SwiftLint

SPEC CHECKSUMS:
  SwiftFormat: c44bd17c23f237956f67205a422a1bd352d42e4c
  SwiftLint: 22ccbbe3b8008684be5955693bab135e0ed6a447

PODFILE CHECKSUM: 25ddc3fb8d95996c69ec1b70eeeb2c0987d6c87d

COCOAPODS: 1.9.3
